
Microsoft Visual Studio Solution File, Format Version 12.00
Project("{FAE04EC0-301F-11D3-BF4B-00C04F79EFBC}") = "HomeTest", "HomeTest\HomeTest.csproj", "{83C7DA54-FE2C-4148-B517-3AA836ECF9D1}"
EndProject
Project("{FAE04EC0-301F-11D3-BF4B-00C04F79EFBC}") = "RestApiHelper", "RestApiHelper\RestApiHelper.csproj", "{0037B8C9-AB82-4171-8639-AABFB873C065}"
EndProject
Global
	GlobalSection(SolutionConfigurationPlatforms) = preSolution
		Debug|Any CPU = Debug|Any CPU
		Release|Any CPU = Release|Any CPU
	EndGlobalSection
	GlobalSection(ProjectConfigurationPlatforms) = postSolution
		{83C7DA54-FE2C-4148-B517-3AA836ECF9D1}.Debug|Any CPU.ActiveCfg = Debug|Any CPU
		{83C7DA54-FE2C-4148-B517-3AA836ECF9D1}.Debug|Any CPU.Build.0 = Debug|Any CPU
		{83C7DA54-FE2C-4148-B517-3AA836ECF9D1}.Release|Any CPU.ActiveCfg = Release|Any CPU
		{83C7DA54-FE2C-4148-B517-3AA836ECF9D1}.Release|Any CPU.Build.0 = Release|Any CPU
		{0037B8C9-AB82-4171-8639-AABFB873C065}.Debug|Any CPU.ActiveCfg = Debug|Any CPU
		{0037B8C9-AB82-4171-8639-AABFB873C065}.Debug|Any CPU.Build.0 = Debug|Any CPU
		{0037B8C9-AB82-4171-8639-AABFB873C065}.Release|Any CPU.ActiveCfg = Release|Any CPU
		{0037B8C9-AB82-4171-8639-AABFB873C065}.Release|Any CPU.Build.0 = Release|Any CPU
	EndGlobalSection
EndGlobal
